
Microsoft Visual Studio Solution File, Format Version 12.00
# Visual Studio 14
VisualStudioVersion = 14.0.25420.1
MinimumVisualStudioVersion = 10.0.40219.1

Project("{AA6C8D78-22FF-423A-9C7C-5F2393824E04}") = "FabOutlookBar", "FabOutlookBar\FabOutlookBar.xsproj", "{29651908-B583-4E70-86D5-CE27F3A095C1}"
EndProject
Project("{AA6C8D78-22FF-423A-9C7C-5F2393824E04}") = "FabSplitShellLib", "FabSplitShellLib\FabSplitShellLib.xsproj", "{4917D936-B6E8-440A-9CE7-6411B6E7488E}"
EndProject
Project("{AA6C8D78-22FF-423A-9C7C-5F2393824E04}") = "FabSplitShellTest", "FabSplitShellTest\FabSplitShellTest.xsproj", "{5ED9239D-DBB3-4AB8-8D19-CEF010154E54}"
EndProject
Global
	GlobalSection(SolutionConfigurationPlatforms) = preSolution
		Debug|Any CPU = Debug|Any CPU
		Release|Any CPU = Release|Any CPU
	EndGlobalSection
	GlobalSection(ProjectConfigurationPlatforms) = postSolution

		{29651908-B583-4E70-86D5-CE27F3A095C1}.Debug|Any CPU.ActiveCfg = Debug|Any CPU
		{29651908-B583-4E70-86D5-CE27F3A095C1}.Debug|Any CPU.Build.0 = Debug|Any CPU
		{29651908-B583-4E70-86D5-CE27F3A095C1}.Release|Any CPU.ActiveCfg = Release|Any CPU
		{29651908-B583-4E70-86D5-CE27F3A095C1}.Release|Any CPU.Build.0 = Release|Any CPU
		{4917D936-B6E8-440A-9CE7-6411B6E7488E}.Debug|Any CPU.ActiveCfg = Debug|Any CPU
		{4917D936-B6E8-440A-9CE7-6411B6E7488E}.Debug|Any CPU.Build.0 = Debug|Any CPU
		{4917D936-B6E8-440A-9CE7-6411B6E7488E}.Release|Any CPU.ActiveCfg = Release|Any CPU
		{4917D936-B6E8-440A-9CE7-6411B6E7488E}.Release|Any CPU.Build.0 = Release|Any CPU
		{5ED9239D-DBB3-4AB8-8D19-CEF010154E54}.Debug|Any CPU.ActiveCfg = Debug|Any CPU
		{5ED9239D-DBB3-4AB8-8D19-CEF010154E54}.Debug|Any CPU.Build.0 = Debug|Any CPU
		{5ED9239D-DBB3-4AB8-8D19-CEF010154E54}.Release|Any CPU.ActiveCfg = Release|Any CPU
		{5ED9239D-DBB3-4AB8-8D19-CEF010154E54}.Release|Any CPU.Build.0 = Release|Any CPU

	EndGlobalSection
	GlobalSection(SolutionProperties) = preSolution
		HideSolutionNode = FALSE
	EndGlobalSection
EndGlobal
