
Microsoft Visual Studio Solution File, Format Version 11.00
# Visual Studio 2010
Project("{AA6C8D78-22FF-423A-9C7C-5F2393824E04}") = "FabCtrl", "FabCtrl\FabCtrl.xsproj", "{3807F7DE-0633-4A33-B011-B5748FDEE3C9}"
EndProject
Project("{AA6C8D78-22FF-423A-9C7C-5F2393824E04}") = "FabPaintLib", "FabPaintLib\FabPaintLib.xsproj", "{0272327B-FC8C-4B26-A0CB-41EB7F1D945E}"
EndProject
Project("{AA6C8D78-22FF-423A-9C7C-5F2393824E04}") = "FabPaintLib_Control", "FabPaintLib_Control\FabPaintLib_Control.xsproj", "{E7092356-5697-44DF-A3E2-3921F23D78C9}"
EndProject
Project("{AA6C8D78-22FF-423A-9C7C-5F2393824E04}") = "FabPaintLib_Test", "FabPaintLib_Test\FabPaintLib_Test.xsproj", "{B79E2352-598D-472D-BB21-EB5CBBF4C3E7}"
EndProject
Project("{AA6C8D78-22FF-423A-9C7C-5F2393824E04}") = "XSPaintLib_Test", "XSPaintLib_Test\XSPaintLib_Test.xsproj", "{51B11650-B181-4BED-87A5-F144CB202F7D}"
EndProject
Global
	GlobalSection(SolutionConfigurationPlatforms) = preSolution
		Debug|Any CPU = Debug|Any CPU
		Release|Any CPU = Release|Any CPU
	EndGlobalSection
	GlobalSection(ProjectConfigurationPlatforms) = postSolution
		{3807F7DE-0633-4A33-B011-B5748FDEE3C9}.Debug|Any CPU.ActiveCfg = Debug|Any CPU
		{3807F7DE-0633-4A33-B011-B5748FDEE3C9}.Debug|Any CPU.Build.0 = Debug|Any CPU
		{3807F7DE-0633-4A33-B011-B5748FDEE3C9}.Release|Any CPU.ActiveCfg = Release|Any CPU
		{3807F7DE-0633-4A33-B011-B5748FDEE3C9}.Release|Any CPU.Build.0 = Release|Any CPU
		{0272327B-FC8C-4B26-A0CB-41EB7F1D945E}.Debug|Any CPU.ActiveCfg = Debug|Any CPU
		{0272327B-FC8C-4B26-A0CB-41EB7F1D945E}.Debug|Any CPU.Build.0 = Debug|Any CPU
		{0272327B-FC8C-4B26-A0CB-41EB7F1D945E}.Release|Any CPU.ActiveCfg = Release|Any CPU
		{0272327B-FC8C-4B26-A0CB-41EB7F1D945E}.Release|Any CPU.Build.0 = Release|Any CPU
		{E7092356-5697-44DF-A3E2-3921F23D78C9}.Debug|Any CPU.ActiveCfg = Debug|Any CPU
		{E7092356-5697-44DF-A3E2-3921F23D78C9}.Debug|Any CPU.Build.0 = Debug|Any CPU
		{E7092356-5697-44DF-A3E2-3921F23D78C9}.Release|Any CPU.ActiveCfg = Release|Any CPU
		{E7092356-5697-44DF-A3E2-3921F23D78C9}.Release|Any CPU.Build.0 = Release|Any CPU
		{B79E2352-598D-472D-BB21-EB5CBBF4C3E7}.Debug|Any CPU.ActiveCfg = Debug|Any CPU
		{B79E2352-598D-472D-BB21-EB5CBBF4C3E7}.Debug|Any CPU.Build.0 = Debug|Any CPU
		{B79E2352-598D-472D-BB21-EB5CBBF4C3E7}.Release|Any CPU.ActiveCfg = Release|Any CPU
		{B79E2352-598D-472D-BB21-EB5CBBF4C3E7}.Release|Any CPU.Build.0 = Release|Any CPU
		{51B11650-B181-4BED-87A5-F144CB202F7D}.Debug|Any CPU.ActiveCfg = Debug|Any CPU
		{51B11650-B181-4BED-87A5-F144CB202F7D}.Debug|Any CPU.Build.0 = Debug|Any CPU
		{51B11650-B181-4BED-87A5-F144CB202F7D}.Release|Any CPU.ActiveCfg = Release|Any CPU
		{51B11650-B181-4BED-87A5-F144CB202F7D}.Release|Any CPU.Build.0 = Release|Any CPU
	EndGlobalSection
	GlobalSection(SolutionProperties) = preSolution
		HideSolutionNode = FALSE
	EndGlobalSection
EndGlobal
