
Microsoft Visual Studio Solution File, Format Version 12.00
# Visual Studio 14
VisualStudioVersion = 14.0.25420.1
MinimumVisualStudioVersion = 10.0.40219.1
Project("{AA6C8D78-22FF-423A-9C7C-5F2393824E04}") = "FabToolsTest", "FabToolsTest\FabToolsTest.xsproj", "{210DBE32-B8B3-4A5F-946F-3D15A9691BB5}"
EndProject
Project("{AA6C8D78-22FF-423A-9C7C-5F2393824E04}") = "FabOutlookBar", "FabOutlookBar\FabOutlookBar.xsproj", "{29651908-B583-4E70-86D5-CE27F3A095C1}"
EndProject
Project("{AA6C8D78-22FF-423A-9C7C-5F2393824E04}") = "FabSplitShellLib", "FabSplitShellLib\FabSplitShellLib.xsproj", "{4917D936-B6E8-440A-9CE7-6411B6E7488E}"
EndProject
Project("{AA6C8D78-22FF-423A-9C7C-5F2393824E04}") = "FabSplitShellTest", "FabSplitShellTest\FabSplitShellTest.xsproj", "{5ED9239D-DBB3-4AB8-8D19-CEF010154E54}"
EndProject
Project("{AA6C8D78-22FF-423A-9C7C-5F2393824E04}") = "FabTools", "FabTools\FabTools.xsproj", "{D2A10849-0553-4AD0-9B7F-CEC2A03B79D5}"
EndProject
Project("{AA6C8D78-22FF-423A-9C7C-5F2393824E04}") = "FabTwain", "FabTwain\FabTwain.xsproj", "{2720B640-4614-42EB-B6A2-C5EB10558EE3}"
EndProject
Project("{2150E333-8FDC-42A3-9474-1A3956D46DE8}") = "Solution Items", "Solution Items", "{1B0EB998-92E0-4B69-9497-6B3A8F82AA33}"
	ProjectSection(SolutionItems) = preProject
		..\README.md = ..\README.md
	EndProjectSection
EndProject
Project("{AA6C8D78-22FF-423A-9C7C-5F2393824E04}") = "FabTwainTest", "FabTwainTest\FabTwainTest.xsproj", "{2606F8FB-5100-4C96-A31C-1CC99F5439A8}"
EndProject
Global
	GlobalSection(SolutionConfigurationPlatforms) = preSolution
		Debug|Any CPU = Debug|Any CPU
		Release|Any CPU = Release|Any CPU
	EndGlobalSection
	GlobalSection(ProjectConfigurationPlatforms) = postSolution
		{210DBE32-B8B3-4A5F-946F-3D15A9691BB5}.Debug|Any CPU.ActiveCfg = Debug|Any CPU
		{210DBE32-B8B3-4A5F-946F-3D15A9691BB5}.Debug|Any CPU.Build.0 = Debug|Any CPU
		{210DBE32-B8B3-4A5F-946F-3D15A9691BB5}.Release|Any CPU.ActiveCfg = Release|Any CPU
		{210DBE32-B8B3-4A5F-946F-3D15A9691BB5}.Release|Any CPU.Build.0 = Release|Any CPU
		{29651908-B583-4E70-86D5-CE27F3A095C1}.Debug|Any CPU.ActiveCfg = Debug|Any CPU
		{29651908-B583-4E70-86D5-CE27F3A095C1}.Debug|Any CPU.Build.0 = Debug|Any CPU
		{29651908-B583-4E70-86D5-CE27F3A095C1}.Release|Any CPU.ActiveCfg = Release|Any CPU
		{29651908-B583-4E70-86D5-CE27F3A095C1}.Release|Any CPU.Build.0 = Release|Any CPU
		{4917D936-B6E8-440A-9CE7-6411B6E7488E}.Debug|Any CPU.ActiveCfg = Debug|Any CPU
		{4917D936-B6E8-440A-9CE7-6411B6E7488E}.Debug|Any CPU.Build.0 = Debug|Any CPU
		{4917D936-B6E8-440A-9CE7-6411B6E7488E}.Release|Any CPU.ActiveCfg = Release|Any CPU
		{4917D936-B6E8-440A-9CE7-6411B6E7488E}.Release|Any CPU.Build.0 = Release|Any CPU
		{5ED9239D-DBB3-4AB8-8D19-CEF010154E54}.Debug|Any CPU.ActiveCfg = Debug|Any CPU
		{5ED9239D-DBB3-4AB8-8D19-CEF010154E54}.Debug|Any CPU.Build.0 = Debug|Any CPU
		{5ED9239D-DBB3-4AB8-8D19-CEF010154E54}.Release|Any CPU.ActiveCfg = Release|Any CPU
		{5ED9239D-DBB3-4AB8-8D19-CEF010154E54}.Release|Any CPU.Build.0 = Release|Any CPU
		{D2A10849-0553-4AD0-9B7F-CEC2A03B79D5}.Debug|Any CPU.ActiveCfg = Debug|Any CPU
		{D2A10849-0553-4AD0-9B7F-CEC2A03B79D5}.Debug|Any CPU.Build.0 = Debug|Any CPU
		{D2A10849-0553-4AD0-9B7F-CEC2A03B79D5}.Release|Any CPU.ActiveCfg = Release|Any CPU
		{D2A10849-0553-4AD0-9B7F-CEC2A03B79D5}.Release|Any CPU.Build.0 = Release|Any CPU
		{2720B640-4614-42EB-B6A2-C5EB10558EE3}.Debug|Any CPU.ActiveCfg = Debug|Any CPU
		{2720B640-4614-42EB-B6A2-C5EB10558EE3}.Debug|Any CPU.Build.0 = Debug|Any CPU
		{2720B640-4614-42EB-B6A2-C5EB10558EE3}.Release|Any CPU.ActiveCfg = Release|Any CPU
		{2720B640-4614-42EB-B6A2-C5EB10558EE3}.Release|Any CPU.Build.0 = Release|Any CPU
		{2606F8FB-5100-4C96-A31C-1CC99F5439A8}.Debug|Any CPU.ActiveCfg = Debug|Any CPU
		{2606F8FB-5100-4C96-A31C-1CC99F5439A8}.Debug|Any CPU.Build.0 = Debug|Any CPU
		{2606F8FB-5100-4C96-A31C-1CC99F5439A8}.Release|Any CPU.ActiveCfg = Release|Any CPU
		{2606F8FB-5100-4C96-A31C-1CC99F5439A8}.Release|Any CPU.Build.0 = Release|Any CPU
	EndGlobalSection
	GlobalSection(SolutionProperties) = preSolution
		HideSolutionNode = FALSE
	EndGlobalSection
EndGlobal
